// !$*UTF8*$!
{
	archiveVersion = 1;
	classes = {
	};
	objectVersion = 48;
	objects = {

/* Begin PBXBuildFile section */
		11814394F31539F3FAE97182 /* Pods_FitnessLife.framework in Frameworks */ = {isa = PBXBuildFile; fileRef = CFC019FED31C6ED710F5E142 /* Pods_FitnessLife.framework */; };
		BF280D932098B4D4006A7B9A /* EnrollButtonCell.swift in Sources */ = {isa = PBXBuildFile; fileRef = BF280D922098B4D4006A7B9A /* EnrollButtonCell.swift */; };
		BF2A772E209784DE0086E77B /* User.swift in Sources */ = {isa = PBXBuildFile; fileRef = BF2A772D209784DE0086E77B /* User.swift */; };
		BF2A77312097BEB00086E77B /* UserCreator.swift in Sources */ = {isa = PBXBuildFile; fileRef = BF2A77302097BEB00086E77B /* UserCreator.swift */; };
		BF360054208FAB10009D3202 /* ClientEditorController.swift in Sources */ = {isa = PBXBuildFile; fileRef = BF360053208FAB10009D3202 /* ClientEditorController.swift */; };
		BF360057208FBB5E009D3202 /* EditorTextCell.swift in Sources */ = {isa = PBXBuildFile; fileRef = BF360056208FBB5E009D3202 /* EditorTextCell.swift */; };
		BF394F1120851661003D4887 /* AppDelegate.swift in Sources */ = {isa = PBXBuildFile; fileRef = BF394F1020851661003D4887 /* AppDelegate.swift */; };
		BF394F1620851661003D4887 /* Main.storyboard in Resources */ = {isa = PBXBuildFile; fileRef = BF394F1420851661003D4887 /* Main.storyboard */; };
		BF394F1820851661003D4887 /* Assets.xcassets in Resources */ = {isa = PBXBuildFile; fileRef = BF394F1720851661003D4887 /* Assets.xcassets */; };
		BF394F1B20851661003D4887 /* LaunchScreen.storyboard in Resources */ = {isa = PBXBuildFile; fileRef = BF394F1920851661003D4887 /* LaunchScreen.storyboard */; };
		BF41ECDE208BA87E00479A48 /* ScheduleItem.swift in Sources */ = {isa = PBXBuildFile; fileRef = BF41ECDD208BA87E00479A48 /* ScheduleItem.swift */; };
		BF431ED5208CB9D4009525E6 /* Client.swift in Sources */ = {isa = PBXBuildFile; fileRef = BF431ED4208CB9D4009525E6 /* Client.swift */; };
		BF431ED7208CE8BF009525E6 /* Formatter.swift in Sources */ = {isa = PBXBuildFile; fileRef = BF431ED6208CE8BF009525E6 /* Formatter.swift */; };
		BF54EC5D20967368006219CD /* StateManager.swift in Sources */ = {isa = PBXBuildFile; fileRef = BF54EC5C20967368006219CD /* StateManager.swift */; };
		BF54EC5F209673B9006219CD /* StateStorage.swift in Sources */ = {isa = PBXBuildFile; fileRef = BF54EC5E209673B9006219CD /* StateStorage.swift */; };
		BF54EC61209673DD006219CD /* Restorable.swift in Sources */ = {isa = PBXBuildFile; fileRef = BF54EC60209673DD006219CD /* Restorable.swift */; };
		BF677EC52090F59B008DB513 /* UITableView+Ext.swift in Sources */ = {isa = PBXBuildFile; fileRef = BF677EC42090F59B008DB513 /* UITableView+Ext.swift */; };
		BF677ECB2091309A008DB513 /* CoachEditorController.swift in Sources */ = {isa = PBXBuildFile; fileRef = BF677ECA2091309A008DB513 /* CoachEditorController.swift */; };
		BF866A3B2097090200971DD5 /* LogIn.swift in Sources */ = {isa = PBXBuildFile; fileRef = BF866A3A2097090200971DD5 /* LogIn.swift */; };
		BF866A3D20970F8200971DD5 /* SignUp.swift in Sources */ = {isa = PBXBuildFile; fileRef = BF866A3C20970F8200971DD5 /* SignUp.swift */; };
		BF8D5959208E080800079B94 /* DataBase.swift in Sources */ = {isa = PBXBuildFile; fileRef = BF8D5958208E080800079B94 /* DataBase.swift */; };
		BFAEC0DB209A178A00A3644E /* EditorCategoryCell.swift in Sources */ = {isa = PBXBuildFile; fileRef = BFAEC0DA209A178A00A3644E /* EditorCategoryCell.swift */; };
		BFCCBBDC208B607F0075703C /* CoachTableView.swift in Sources */ = {isa = PBXBuildFile; fileRef = BFCCBBDB208B607F0075703C /* CoachTableView.swift */; };
		BFDADDE92099DF3600C3A195 /* CalculateBillCell.swift in Sources */ = {isa = PBXBuildFile; fileRef = BFDADDE82099DF3600C3A195 /* CalculateBillCell.swift */; };
		BFDE0B3F209482DA00A38CD8 /* CoachDetailController.swift in Sources */ = {isa = PBXBuildFile; fileRef = BFDE0B3E209482DA00A38CD8 /* CoachDetailController.swift */; };
		BFDE0B41209494C500A38CD8 /* CoachSheduleTableView.swift in Sources */ = {isa = PBXBuildFile; fileRef = BFDE0B40209494C500A38CD8 /* CoachSheduleTableView.swift */; };
		BFDE0B442094C3B100A38CD8 /* ScheduleTableView.swift in Sources */ = {isa = PBXBuildFile; fileRef = BFDE0B432094C3B100A38CD8 /* ScheduleTableView.swift */; };
		BFDE0B482094CD9300A38CD8 /* ScheduleItemEditorController.swift in Sources */ = {isa = PBXBuildFile; fileRef = BFDE0B472094CD9300A38CD8 /* ScheduleItemEditorController.swift */; };
		BFDE0B4C209632FD00A38CD8 /* CoachSelectionTableView.swift in Sources */ = {isa = PBXBuildFile; fileRef = BFDE0B4B209632FD00A38CD8 /* CoachSelectionTableView.swift */; };
		BFDE0B4E2096355900A38CD8 /* LessonsTableView.swift in Sources */ = {isa = PBXBuildFile; fileRef = BFDE0B4D2096355900A38CD8 /* LessonsTableView.swift */; };
		BFDE0B5120964B0000A38CD8 /* DatePickerCell.swift in Sources */ = {isa = PBXBuildFile; fileRef = BFDE0B5020964B0000A38CD8 /* DatePickerCell.swift */; };
		BFE8EA772098A83100BA3D98 /* ScheduleItemDetailController.swift in Sources */ = {isa = PBXBuildFile; fileRef = BFE8EA762098A83100BA3D98 /* ScheduleItemDetailController.swift */; };
		BFF36AEF208DC66B0007855A /* ClientTableView.swift in Sources */ = {isa = PBXBuildFile; fileRef = BFF36AEE208DC66B0007855A /* ClientTableView.swift */; };
		BFF36AF3208DDAB80007855A /* ClientDetailController.swift in Sources */ = {isa = PBXBuildFile; fileRef = BFF36AF2208DDAB80007855A /* ClientDetailController.swift */; };
		BFFE8B1620868AFF00A19430 /* Lesson.swift in Sources */ = {isa = PBXBuildFile; fileRef = BFFE8B1520868AFF00A19430 /* Lesson.swift */; };
		BFFE8B1820868CD400A19430 /* Coach.swift in Sources */ = {isa = PBXBuildFile; fileRef = BFFE8B1720868CD400A19430 /* Coach.swift */; };
/* End PBXBuildFile section */

/* Begin PBXCopyFilesBuildPhase section */
		BFCCBBCA208788BC0075703C /* Embed Frameworks */ = {
			isa = PBXCopyFilesBuildPhase;
			buildActionMask = 2147483647;
			dstPath = "";
			dstSubfolderSpec = 10;
			files = (
			);
			name = "Embed Frameworks";
			runOnlyForDeploymentPostprocessing = 0;
		};
/* End PBXCopyFilesBuildPhase section */

/* Begin PBXFileReference section */
		682A656867082FB44CAFC838 /* Pods-FitnessLife.debug.xcconfig */ = {isa = PBXFileReference; includeInIndex = 1; lastKnownFileType = text.xcconfig; name = "Pods-FitnessLife.debug.xcconfig"; path = "Pods/Target Support Files/Pods-FitnessLife/Pods-FitnessLife.debug.xcconfig"; sourceTree = "<group>"; };
		9BDD6244C3DC7D8D3B4D262B /* Pods-FitnessLife.release.xcconfig */ = {isa = PBXFileReference; includeInIndex = 1; lastKnownFileType = text.xcconfig; name = "Pods-FitnessLife.release.xcconfig"; path = "Pods/Target Support Files/Pods-FitnessLife/Pods-FitnessLife.release.xcconfig"; sourceTree = "<group>"; };
		BF280D922098B4D4006A7B9A /* EnrollButtonCell.swift */ = {isa = PBXFileReference; lastKnownFileType = sourcecode.swift; path = EnrollButtonCell.swift; sourceTree = "<group>"; };
		BF2A772D209784DE0086E77B /* User.swift */ = {isa = PBXFileReference; lastKnownFileType = sourcecode.swift; path = User.swift; sourceTree = "<group>"; };
		BF2A77302097BEB00086E77B /* UserCreator.swift */ = {isa = PBXFileReference; lastKnownFileType = sourcecode.swift; path = UserCreator.swift; sourceTree = "<group>"; };
		BF360053208FAB10009D3202 /* ClientEditorController.swift */ = {isa = PBXFileReference; lastKnownFileType = sourcecode.swift; path = ClientEditorController.swift; sourceTree = "<group>"; };
		BF360056208FBB5E009D3202 /* EditorTextCell.swift */ = {isa = PBXFileReference; lastKnownFileType = sourcecode.swift; path = EditorTextCell.swift; sourceTree = "<group>"; };
		BF394F0D20851661003D4887 /* FitnessLife.app */ = {isa = PBXFileReference; explicitFileType = wrapper.application; includeInIndex = 0; path = FitnessLife.app; sourceTree = BUILT_PRODUCTS_DIR; };
		BF394F1020851661003D4887 /* AppDelegate.swift */ = {isa = PBXFileReference; lastKnownFileType = sourcecode.swift; path = AppDelegate.swift; sourceTree = "<group>"; };
		BF394F1520851661003D4887 /* Base */ = {isa = PBXFileReference; lastKnownFileType = file.storyboard; name = Base; path = Base.lproj/Main.storyboard; sourceTree = "<group>"; };
		BF394F1720851661003D4887 /* Assets.xcassets */ = {isa = PBXFileReference; lastKnownFileType = folder.assetcatalog; path = Assets.xcassets; sourceTree = "<group>"; };
		BF394F1A20851661003D4887 /* Base */ = {isa = PBXFileReference; lastKnownFileType = file.storyboard; name = Base; path = Base.lproj/LaunchScreen.storyboard; sourceTree = "<group>"; };
		BF394F1C20851661003D4887 /* Info.plist */ = {isa = PBXFileReference; lastKnownFileType = text.plist.xml; path = Info.plist; sourceTree = "<group>"; };
		BF41ECDD208BA87E00479A48 /* ScheduleItem.swift */ = {isa = PBXFileReference; lastKnownFileType = sourcecode.swift; path = ScheduleItem.swift; sourceTree = "<group>"; };
		BF431ED4208CB9D4009525E6 /* Client.swift */ = {isa = PBXFileReference; lastKnownFileType = sourcecode.swift; path = Client.swift; sourceTree = "<group>"; };
		BF431ED6208CE8BF009525E6 /* Formatter.swift */ = {isa = PBXFileReference; lastKnownFileType = sourcecode.swift; path = Formatter.swift; sourceTree = "<group>"; };
		BF54EC5C20967368006219CD /* StateManager.swift */ = {isa = PBXFileReference; lastKnownFileType = sourcecode.swift; path = StateManager.swift; sourceTree = "<group>"; };
		BF54EC5E209673B9006219CD /* StateStorage.swift */ = {isa = PBXFileReference; lastKnownFileType = sourcecode.swift; path = StateStorage.swift; sourceTree = "<group>"; };
		BF54EC60209673DD006219CD /* Restorable.swift */ = {isa = PBXFileReference; lastKnownFileType = sourcecode.swift; path = Restorable.swift; sourceTree = "<group>"; };
		BF677EC42090F59B008DB513 /* UITableView+Ext.swift */ = {isa = PBXFileReference; fileEncoding = 4; lastKnownFileType = sourcecode.swift; path = "UITableView+Ext.swift"; sourceTree = "<group>"; };
		BF677ECA2091309A008DB513 /* CoachEditorController.swift */ = {isa = PBXFileReference; lastKnownFileType = sourcecode.swift; path = CoachEditorController.swift; sourceTree = "<group>"; };
		BF866A3A2097090200971DD5 /* LogIn.swift */ = {isa = PBXFileReference; lastKnownFileType = sourcecode.swift; path = LogIn.swift; sourceTree = "<group>"; };
		BF866A3C20970F8200971DD5 /* SignUp.swift */ = {isa = PBXFileReference; lastKnownFileType = sourcecode.swift; path = SignUp.swift; sourceTree = "<group>"; };
		BF8D5958208E080800079B94 /* DataBase.swift */ = {isa = PBXFileReference; lastKnownFileType = sourcecode.swift; path = DataBase.swift; sourceTree = "<group>"; };
		BFAEC0DA209A178A00A3644E /* EditorCategoryCell.swift */ = {isa = PBXFileReference; lastKnownFileType = sourcecode.swift; path = EditorCategoryCell.swift; sourceTree = "<group>"; };
		BFCCBBDB208B607F0075703C /* CoachTableView.swift */ = {isa = PBXFileReference; lastKnownFileType = sourcecode.swift; path = CoachTableView.swift; sourceTree = "<group>"; };
		BFDADDE82099DF3600C3A195 /* CalculateBillCell.swift */ = {isa = PBXFileReference; lastKnownFileType = sourcecode.swift; path = CalculateBillCell.swift; sourceTree = "<group>"; };
		BFDE0B3E209482DA00A38CD8 /* CoachDetailController.swift */ = {isa = PBXFileReference; lastKnownFileType = sourcecode.swift; path = CoachDetailController.swift; sourceTree = "<group>"; };
		BFDE0B40209494C500A38CD8 /* CoachSheduleTableView.swift */ = {isa = PBXFileReference; lastKnownFileType = sourcecode.swift; path = CoachSheduleTableView.swift; sourceTree = "<group>"; };
		BFDE0B432094C3B100A38CD8 /* ScheduleTableView.swift */ = {isa = PBXFileReference; lastKnownFileType = sourcecode.swift; path = ScheduleTableView.swift; sourceTree = "<group>"; };
		BFDE0B472094CD9300A38CD8 /* ScheduleItemEditorController.swift */ = {isa = PBXFileReference; lastKnownFileType = sourcecode.swift; path = ScheduleItemEditorController.swift; sourceTree = "<group>"; };
		BFDE0B4B209632FD00A38CD8 /* CoachSelectionTableView.swift */ = {isa = PBXFileReference; lastKnownFileType = sourcecode.swift; path = CoachSelectionTableView.swift; sourceTree = "<group>"; };
		BFDE0B4D2096355900A38CD8 /* LessonsTableView.swift */ = {isa = PBXFileReference; lastKnownFileType = sourcecode.swift; path = LessonsTableView.swift; sourceTree = "<group>"; };
		BFDE0B5020964B0000A38CD8 /* DatePickerCell.swift */ = {isa = PBXFileReference; lastKnownFileType = sourcecode.swift; path = DatePickerCell.swift; sourceTree = "<group>"; };
		BFE8EA762098A83100BA3D98 /* ScheduleItemDetailController.swift */ = {isa = PBXFileReference; lastKnownFileType = sourcecode.swift; path = ScheduleItemDetailController.swift; sourceTree = "<group>"; };
		BFF36AEE208DC66B0007855A /* ClientTableView.swift */ = {isa = PBXFileReference; lastKnownFileType = sourcecode.swift; path = ClientTableView.swift; sourceTree = "<group>"; };
		BFF36AF2208DDAB80007855A /* ClientDetailController.swift */ = {isa = PBXFileReference; lastKnownFileType = sourcecode.swift; path = ClientDetailController.swift; sourceTree = "<group>"; };
		BFFE8B1520868AFF00A19430 /* Lesson.swift */ = {isa = PBXFileReference; lastKnownFileType = sourcecode.swift; path = Lesson.swift; sourceTree = "<group>"; };
		BFFE8B1720868CD400A19430 /* Coach.swift */ = {isa = PBXFileReference; lastKnownFileType = sourcecode.swift; path = Coach.swift; sourceTree = "<group>"; };
		CFC019FED31C6ED710F5E142 /* Pods_FitnessLife.framework */ = {isa = PBXFileReference; explicitFileType = wrapper.framework; includeInIndex = 0; path = Pods_FitnessLife.framework; sourceTree = BUILT_PRODUCTS_DIR; };
/* End PBXFileReference section */

/* Begin PBXFrameworksBuildPhase section */
		BF394F0A20851661003D4887 /* Frameworks */ = {
			isa = PBXFrameworksBuildPhase;
			buildActionMask = 2147483647;
			files = (
				11814394F31539F3FAE97182 /* Pods_FitnessLife.framework in Frameworks */,
			);
			runOnlyForDeploymentPostprocessing = 0;
		};
/* End PBXFrameworksBuildPhase section */

/* Begin PBXGroup section */
		3FF3AAFD31E4CA36A3E0831B /* Frameworks */ = {
			isa = PBXGroup;
			children = (
				CFC019FED31C6ED710F5E142 /* Pods_FitnessLife.framework */,
			);
			name = Frameworks;
			sourceTree = "<group>";
		};
		AAD4C8F5FA1F836165827F1E /* Pods */ = {
			isa = PBXGroup;
			children = (
				682A656867082FB44CAFC838 /* Pods-FitnessLife.debug.xcconfig */,
				9BDD6244C3DC7D8D3B4D262B /* Pods-FitnessLife.release.xcconfig */,
			);
			name = Pods;
			sourceTree = "<group>";
		};
		BF2A772F2097BE7E0086E77B /* User */ = {
			isa = PBXGroup;
			children = (
				BF2A772D209784DE0086E77B /* User.swift */,
				BFFE8B1720868CD400A19430 /* Coach.swift */,
				BF431ED4208CB9D4009525E6 /* Client.swift */,
				BF2A77302097BEB00086E77B /* UserCreator.swift */,
			);
			path = User;
			sourceTree = "<group>";
		};
		BF360055208FBB1E009D3202 /* ClientEditor */ = {
			isa = PBXGroup;
			children = (
				BF360053208FAB10009D3202 /* ClientEditorController.swift */,
			);
			path = ClientEditor;
			sourceTree = "<group>";
		};
		BF394F0420851661003D4887 = {
			isa = PBXGroup;
			children = (
				BF394F0F20851661003D4887 /* FitnessLife */,
				BF394F0E20851661003D4887 /* Products */,
				AAD4C8F5FA1F836165827F1E /* Pods */,
				3FF3AAFD31E4CA36A3E0831B /* Frameworks */,
			);
			sourceTree = "<group>";
		};
		BF394F0E20851661003D4887 /* Products */ = {
			isa = PBXGroup;
			children = (
				BF394F0D20851661003D4887 /* FitnessLife.app */,
			);
			name = Products;
			sourceTree = "<group>";
		};
		BF394F0F20851661003D4887 /* FitnessLife */ = {
			isa = PBXGroup;
			children = (
				BFCCBBCF2087E6DE0075703C /* API */,
				BF54EC5B2096733D006219CD /* StateManager */,
				BF41ECDB208B99CB00479A48 /* Models */,
				BF41ECE4208BCA6100479A48 /* Controllers */,
				BF677EC22090E85C008DB513 /* Views */,
				BF677EC32090E881008DB513 /* Configuration */,
				BF431ED6208CE8BF009525E6 /* Formatter.swift */,
			);
			path = FitnessLife;
			sourceTree = "<group>";
		};
		BF41ECDB208B99CB00479A48 /* Models */ = {
			isa = PBXGroup;
			children = (
				BF2A772F2097BE7E0086E77B /* User */,
				BFFE8B1520868AFF00A19430 /* Lesson.swift */,
				BF41ECDD208BA87E00479A48 /* ScheduleItem.swift */,
			);
			path = Models;
			sourceTree = "<group>";
		};
		BF41ECE4208BCA6100479A48 /* Controllers */ = {
			isa = PBXGroup;
			children = (
				BF866A39209708D400971DD5 /* Log */,
				BFDE0B422094C39600A38CD8 /* Schedule */,
				BF677EC720912BFA008DB513 /* Coaches */,
				BF677EC62090F92A008DB513 /* Clients */,
			);
			path = Controllers;
			sourceTree = "<group>";
		};
		BF54EC5B2096733D006219CD /* StateManager */ = {
			isa = PBXGroup;
			children = (
				BF54EC5C20967368006219CD /* StateManager.swift */,
				BF54EC5E209673B9006219CD /* StateStorage.swift */,
				BF54EC60209673DD006219CD /* Restorable.swift */,
			);
			path = StateManager;
			sourceTree = "<group>";
		};
		BF677EC22090E85C008DB513 /* Views */ = {
			isa = PBXGroup;
			children = (
				BF677EC42090F59B008DB513 /* UITableView+Ext.swift */,
				BF394F1420851661003D4887 /* Main.storyboard */,
				BF394F1720851661003D4887 /* Assets.xcassets */,
				BF394F1920851661003D4887 /* LaunchScreen.storyboard */,
			);
			name = Views;
			sourceTree = "<group>";
		};
		BF677EC32090E881008DB513 /* Configuration */ = {
			isa = PBXGroup;
			children = (
				BF394F1020851661003D4887 /* AppDelegate.swift */,
				BF394F1C20851661003D4887 /* Info.plist */,
			);
			name = Configuration;
			sourceTree = "<group>";
		};
		BF677EC62090F92A008DB513 /* Clients */ = {
			isa = PBXGroup;
			children = (
				BFF36AEE208DC66B0007855A /* ClientTableView.swift */,
				BFF36AF2208DDAB80007855A /* ClientDetailController.swift */,
				BF360055208FBB1E009D3202 /* ClientEditor */,
				BFDADDE82099DF3600C3A195 /* CalculateBillCell.swift */,
			);
			path = Clients;
			sourceTree = "<group>";
		};
		BF677EC720912BFA008DB513 /* Coaches */ = {
			isa = PBXGroup;
			children = (
				BFCCBBDB208B607F0075703C /* CoachTableView.swift */,
				BFDE0B3E209482DA00A38CD8 /* CoachDetailController.swift */,
				BFDE0B40209494C500A38CD8 /* CoachSheduleTableView.swift */,
				BF677EC820913065008DB513 /* CoachEditor */,
			);
			path = Coaches;
			sourceTree = "<group>";
		};
		BF677EC820913065008DB513 /* CoachEditor */ = {
			isa = PBXGroup;
			children = (
				BF360056208FBB5E009D3202 /* EditorTextCell.swift */,
				BF677ECA2091309A008DB513 /* CoachEditorController.swift */,
				BFAEC0DA209A178A00A3644E /* EditorCategoryCell.swift */,
			);
			path = CoachEditor;
			sourceTree = "<group>";
		};
		BF866A39209708D400971DD5 /* Log */ = {
			isa = PBXGroup;
			children = (
				BF866A3A2097090200971DD5 /* LogIn.swift */,
				BF866A3C20970F8200971DD5 /* SignUp.swift */,
			);
			path = Log;
			sourceTree = "<group>";
		};
		BFCCBBCF2087E6DE0075703C /* API */ = {
			isa = PBXGroup;
			children = (
				BF8D5958208E080800079B94 /* DataBase.swift */,
			);
			path = API;
			sourceTree = "<group>";
		};
		BFDE0B422094C39600A38CD8 /* Schedule */ = {
			isa = PBXGroup;
			children = (
				BFDE0B432094C3B100A38CD8 /* ScheduleTableView.swift */,
				BFE8EA762098A83100BA3D98 /* ScheduleItemDetailController.swift */,
				BF280D922098B4D4006A7B9A /* EnrollButtonCell.swift */,
				BFDE0B462094CC9500A38CD8 /* ScheduleItemEditor */,
			);
			path = Schedule;
			sourceTree = "<group>";
		};
		BFDE0B462094CC9500A38CD8 /* ScheduleItemEditor */ = {
			isa = PBXGroup;
			children = (
				BFDE0B472094CD9300A38CD8 /* ScheduleItemEditorController.swift */,
				BFDE0B4B209632FD00A38CD8 /* CoachSelectionTableView.swift */,
				BFDE0B4D2096355900A38CD8 /* LessonsTableView.swift */,
				BFDE0B4F20964AD400A38CD8 /* Cell */,
			);
			path = ScheduleItemEditor;
			sourceTree = "<group>";
		};
		BFDE0B4F20964AD400A38CD8 /* Cell */ = {
			isa = PBXGroup;
			children = (
				BFDE0B5020964B0000A38CD8 /* DatePickerCell.swift */,
			);
			path = Cell;
			sourceTree = "<group>";
		};
/* End PBXGroup section */

/* Begin PBXNativeTarget section */
		BF394F0C20851661003D4887 /* FitnessLife */ = {
			isa = PBXNativeTarget;
			buildConfigurationList = BF394F1F20851661003D4887 /* Build configuration list for PBXNativeTarget "FitnessLife" */;
			buildPhases = (
				528563AEB68D3E8CEA3772AA /* [CP] Check Pods Manifest.lock */,
				BF394F0920851661003D4887 /* Sources */,
				BF394F0A20851661003D4887 /* Frameworks */,
				BF394F0B20851661003D4887 /* Resources */,
				BFCCBBCA208788BC0075703C /* Embed Frameworks */,
				19BB22585C05072977E6628D /* [CP] Embed Pods Frameworks */,
			);
			buildRules = (
			);
			dependencies = (
			);
			name = FitnessLife;
			productName = FitnessLife;
			productReference = BF394F0D20851661003D4887 /* FitnessLife.app */;
			productType = "com.apple.product-type.application";
		};
/* End PBXNativeTarget section */

/* Begin PBXProject section */
		BF394F0520851661003D4887 /* Project object */ = {
			isa = PBXProject;
			attributes = {
				LastSwiftUpdateCheck = 0910;
				LastUpgradeCheck = 0930;
				ORGANIZATIONNAME = "Karpenko Elena";
				TargetAttributes = {
					BF394F0C20851661003D4887 = {
						CreatedOnToolsVersion = 9.1;
						ProvisioningStyle = Automatic;
					};
				};
			};
			buildConfigurationList = BF394F0820851661003D4887 /* Build configuration list for PBXProject "FitnessLife" */;
			compatibilityVersion = "Xcode 8.0";
			developmentRegion = en;
			hasScannedForEncodings = 0;
			knownRegions = (
				en,
				Base,
			);
			mainGroup = BF394F0420851661003D4887;
			productRefGroup = BF394F0E20851661003D4887 /* Products */;
			projectDirPath = "";
			projectRoot = "";
			targets = (
				BF394F0C20851661003D4887 /* FitnessLife */,
			);
		};
/* End PBXProject section */

/* Begin PBXResourcesBuildPhase section */
		BF394F0B20851661003D4887 /* Resources */ = {
			isa = PBXResourcesBuildPhase;
			buildActionMask = 2147483647;
			files = (
				BF394F1B20851661003D4887 /* LaunchScreen.storyboard in Resources */,
				BF394F1820851661003D4887 /* Assets.xcassets in Resources */,
				BF394F1620851661003D4887 /* Main.storyboard in Resources */,
			);
			runOnlyForDeploymentPostprocessing = 0;
		};
/* End PBXResourcesBuildPhase section */

/* Begin PBXShellScriptBuildPhase section */
		19BB22585C05072977E6628D /* [CP] Embed Pods Frameworks */ = {
			isa = PBXShellScriptBuildPhase;
			buildActionMask = 2147483647;
			files = (
			);
			inputPaths = (
				"${SRCROOT}/Pods/Target Support Files/Pods-FitnessLife/Pods-FitnessLife-frameworks.sh",
				"${BUILT_PRODUCTS_DIR}/Realm/Realm.framework",
				"${BUILT_PRODUCTS_DIR}/RealmSwift/RealmSwift.framework",
			);
			name = "[CP] Embed Pods Frameworks";
			outputPaths = (
				"${TARGET_BUILD_DIR}/${FRAMEWORKS_FOLDER_PATH}/Realm.framework",
				"${TARGET_BUILD_DIR}/${FRAMEWORKS_FOLDER_PATH}/RealmSwift.framework",
			);
			runOnlyForDeploymentPostprocessing = 0;
			shellPath = /bin/sh;
			shellScript = "\"${SRCROOT}/Pods/Target Support Files/Pods-FitnessLife/Pods-FitnessLife-frameworks.sh\"\n";
			showEnvVarsInLog = 0;
		};
		528563AEB68D3E8CEA3772AA /* [CP] Check Pods Manifest.lock */ = {
			isa = PBXShellScriptBuildPhase;
			buildActionMask = 2147483647;
			files = (
			);
			inputPaths = (
				"${PODS_PODFILE_DIR_PATH}/Podfile.lock",
				"${PODS_ROOT}/Manifest.lock",
			);
			name = "[CP] Check Pods Manifest.lock";
			outputPaths = (
				"$(DERIVED_FILE_DIR)/Pods-FitnessLife-checkManifestLockResult.txt",
			);
			runOnlyForDeploymentPostprocessing = 0;
			shellPath = /bin/sh;
			shellScript = "diff \"${PODS_PODFILE_DIR_PATH}/Podfile.lock\" \"${PODS_ROOT}/Manifest.lock\" > /dev/null\nif [ $? != 0 ] ; then\n    # print error to STDERR\n    echo \"error: The sandbox is not in sync with the Podfile.lock. Run 'pod install' or update your CocoaPods installation.\" >&2\n    exit 1\nfi\n# This output is used by Xcode 'outputs' to avoid re-running this script phase.\necho \"SUCCESS\" > \"${SCRIPT_OUTPUT_FILE_0}\"\n";
			showEnvVarsInLog = 0;
		};
/* End PBXShellScriptBuildPhase section */

/* Begin PBXSourcesBuildPhase section */
		BF394F0920851661003D4887 /* Sources */ = {
			isa = PBXSourcesBuildPhase;
			buildActionMask = 2147483647;
			files = (
				BFFE8B1620868AFF00A19430 /* Lesson.swift in Sources */,
				BF54EC5D20967368006219CD /* StateManager.swift in Sources */,
				BF360054208FAB10009D3202 /* ClientEditorController.swift in Sources */,
				BF8D5959208E080800079B94 /* DataBase.swift in Sources */,
				BF431ED5208CB9D4009525E6 /* Client.swift in Sources */,
				BFDE0B5120964B0000A38CD8 /* DatePickerCell.swift in Sources */,
				BFAEC0DB209A178A00A3644E /* EditorCategoryCell.swift in Sources */,
				BFDE0B4C209632FD00A38CD8 /* CoachSelectionTableView.swift in Sources */,
				BF394F1120851661003D4887 /* AppDelegate.swift in Sources */,
				BF280D932098B4D4006A7B9A /* EnrollButtonCell.swift in Sources */,
				BF2A772E209784DE0086E77B /* User.swift in Sources */,
				BF866A3B2097090200971DD5 /* LogIn.swift in Sources */,
				BF431ED7208CE8BF009525E6 /* Formatter.swift in Sources */,
				BFDE0B3F209482DA00A38CD8 /* CoachDetailController.swift in Sources */,
				BFDE0B482094CD9300A38CD8 /* ScheduleItemEditorController.swift in Sources */,
				BFF36AF3208DDAB80007855A /* ClientDetailController.swift in Sources */,
				BFCCBBDC208B607F0075703C /* CoachTableView.swift in Sources */,
				BF677ECB2091309A008DB513 /* CoachEditorController.swift in Sources */,
				BF41ECDE208BA87E00479A48 /* ScheduleItem.swift in Sources */,
				BFDE0B41209494C500A38CD8 /* CoachSheduleTableView.swift in Sources */,
				BF54EC5F209673B9006219CD /* StateStorage.swift in Sources */,
				BFFE8B1820868CD400A19430 /* Coach.swift in Sources */,
				BF2A77312097BEB00086E77B /* UserCreator.swift in Sources */,
				BFF36AEF208DC66B0007855A /* ClientTableView.swift in Sources */,
				BFE8EA772098A83100BA3D98 /* ScheduleItemDetailController.swift in Sources */,
				BFDE0B4E2096355900A38CD8 /* LessonsTableView.swift in Sources */,
				BFDE0B442094C3B100A38CD8 /* ScheduleTableView.swift in Sources */,
				BF677EC52090F59B008DB513 /* UITableView+Ext.swift in Sources */,
				BFDADDE92099DF3600C3A195 /* CalculateBillCell.swift in Sources */,
				BF54EC61209673DD006219CD /* Restorable.swift in Sources */,
				BF360057208FBB5E009D3202 /* EditorTextCell.swift in Sources */,
				BF866A3D20970F8200971DD5 /* SignUp.swift in Sources */,
			);
			runOnlyForDeploymentPostprocessing = 0;
		};
/* End PBXSourcesBuildPhase section */

/* Begin PBXVariantGroup section */
		BF394F1420851661003D4887 /* Main.storyboard */ = {
			isa = PBXVariantGroup;
			children = (
				BF394F1520851661003D4887 /* Base */,
			);
			name = Main.storyboard;
			sourceTree = "<group>";
		};
		BF394F1920851661003D4887 /* LaunchScreen.storyboard */ = {
			isa = PBXVariantGroup;
			children = (
				BF394F1A20851661003D4887 /* Base */,
			);
			name = LaunchScreen.storyboard;
			sourceTree = "<group>";
		};
/* End PBXVariantGroup section */

/* Begin XCBuildConfiguration section */
		BF394F1D20851661003D4887 /* Debug */ = {
			isa = XCBuildConfiguration;
			buildSettings = {
				ALWAYS_SEARCH_USER_PATHS = NO;
				CLANG_ANALYZER_NONNULL = YES;
				CLANG_ANALYZER_NUMBER_OBJECT_CONVERSION = YES_AGGRESSIVE;
				CLANG_CXX_LANGUAGE_STANDARD = "gnu++14";
				CLANG_CXX_LIBRARY = "libc++";
				CLANG_ENABLE_MODULES = YES;
				CLANG_ENABLE_OBJC_ARC = YES;
				CLANG_WARN_BLOCK_CAPTURE_AUTORELEASING = YES;
				CLANG_WARN_BOOL_CONVERSION = YES;
				CLANG_WARN_COMMA = YES;
				CLANG_WARN_CONSTANT_CONVERSION = YES;
				CLANG_WARN_DEPRECATED_OBJC_IMPLEMENTATIONS = YES;
				CLANG_WARN_DIRECT_OBJC_ISA_USAGE = YES_ERROR;
				CLANG_WARN_DOCUMENTATION_COMMENTS = YES;
				CLANG_WARN_EMPTY_BODY = YES;
				CLANG_WARN_ENUM_CONVERSION = YES;
				CLANG_WARN_INFINITE_RECURSION = YES;
				CLANG_WARN_INT_CONVERSION = YES;
				CLANG_WARN_NON_LITERAL_NULL_CONVERSION = YES;
				CLANG_WARN_OBJC_IMPLICIT_RETAIN_SELF = YES;
				CLANG_WARN_OBJC_LITERAL_CONVERSION = YES;
				CLANG_WARN_OBJC_ROOT_CLASS = YES_ERROR;
				CLANG_WARN_RANGE_LOOP_ANALYSIS = YES;
				CLANG_WARN_STRICT_PROTOTYPES = YES;
				CLANG_WARN_SUSPICIOUS_MOVE = YES;
				CLANG_WARN_UNGUARDED_AVAILABILITY = YES_AGGRESSIVE;
				CLANG_WARN_UNREACHABLE_CODE = YES;
				CLANG_WARN__DUPLICATE_METHOD_MATCH = YES;
				CODE_SIGN_IDENTITY = "iPhone Developer";
				COPY_PHASE_STRIP = NO;
				DEBUG_INFORMATION_FORMAT = dwarf;
				ENABLE_STRICT_OBJC_MSGSEND = YES;
				ENABLE_TESTABILITY = YES;
				GCC_C_LANGUAGE_STANDARD = gnu11;
				GCC_DYNAMIC_NO_PIC = NO;
				GCC_NO_COMMON_BLOCKS = YES;
				GCC_OPTIMIZATION_LEVEL = 0;
				GCC_PREPROCESSOR_DEFINITIONS = (
					"DEBUG=1",
					"$(inherited)",
				);
				GCC_WARN_64_TO_32_BIT_CONVERSION = YES;
				GCC_WARN_ABOUT_RETURN_TYPE = YES_ERROR;
				GCC_WARN_UNDECLARED_SELECTOR = YES;
				GCC_WARN_UNINITIALIZED_AUTOS = YES_AGGRESSIVE;
				GCC_WARN_UNUSED_FUNCTION = YES;
				GCC_WARN_UNUSED_VARIABLE = YES;
				IPHONEOS_DEPLOYMENT_TARGET = 11.1;
				MTL_ENABLE_DEBUG_INFO = YES;
				ONLY_ACTIVE_ARCH = YES;
				SDKROOT = iphoneos;
				SWIFT_ACTIVE_COMPILATION_CONDITIONS = DEBUG;
				SWIFT_OPTIMIZATION_LEVEL = "-Onone";
			};
			name = Debug;
		};
		BF394F1E20851661003D4887 /* Release */ = {
			isa = XCBuildConfiguration;
			buildSettings = {
				ALWAYS_SEARCH_USER_PATHS = NO;
				CLANG_ANALYZER_NONNULL = YES;
				CLANG_ANALYZER_NUMBER_OBJECT_CONVERSION = YES_AGGRESSIVE;
				CLANG_CXX_LANGUAGE_STANDARD = "gnu++14";
				CLANG_CXX_LIBRARY = "libc++";
				CLANG_ENABLE_MODULES = YES;
				CLANG_ENABLE_OBJC_ARC = YES;
				CLANG_WARN_BLOCK_CAPTURE_AUTORELEASING = YES;
				CLANG_WARN_BOOL_CONVERSION = YES;
				CLANG_WARN_COMMA = YES;
				CLANG_WARN_CONSTANT_CONVERSION = YES;
				CLANG_WARN_DEPRECATED_OBJC_IMPLEMENTATIONS = YES;
				CLANG_WARN_DIRECT_OBJC_ISA_USAGE = YES_ERROR;
				CLANG_WARN_DOCUMENTATION_COMMENTS = YES;
				CLANG_WARN_EMPTY_BODY = YES;
				CLANG_WARN_ENUM_CONVERSION = YES;
				CLANG_WARN_INFINITE_RECURSION = YES;
				CLANG_WARN_INT_CONVERSION = YES;
				CLANG_WARN_NON_LITERAL_NULL_CONVERSION = YES;
				CLANG_WARN_OBJC_IMPLICIT_RETAIN_SELF = YES;
				CLANG_WARN_OBJC_LITERAL_CONVERSION = YES;
				CLANG_WARN_OBJC_ROOT_CLASS = YES_ERROR;
				CLANG_WARN_RANGE_LOOP_ANALYSIS = YES;
				CLANG_WARN_STRICT_PROTOTYPES = YES;
				CLANG_WARN_SUSPICIOUS_MOVE = YES;
				CLANG_WARN_UNGUARDED_AVAILABILITY = YES_AGGRESSIVE;
				CLANG_WARN_UNREACHABLE_CODE = YES;
				CLANG_WARN__DUPLICATE_METHOD_MATCH = YES;
				CODE_SIGN_IDENTITY = "iPhone Developer";
				COPY_PHASE_STRIP = NO;
				DEBUG_INFORMATION_FORMAT = "dwarf-with-dsym";
				ENABLE_NS_ASSERTIONS = NO;
				ENABLE_STRICT_OBJC_MSGSEND = YES;
				GCC_C_LANGUAGE_STANDARD = gnu11;
				GCC_NO_COMMON_BLOCKS = YES;
				GCC_WARN_64_TO_32_BIT_CONVERSION = YES;
				GCC_WARN_ABOUT_RETURN_TYPE = YES_ERROR;
				GCC_WARN_UNDECLARED_SELECTOR = YES;
				GCC_WARN_UNINITIALIZED_AUTOS = YES_AGGRESSIVE;
				GCC_WARN_UNUSED_FUNCTION = YES;
				GCC_WARN_UNUSED_VARIABLE = YES;
				IPHONEOS_DEPLOYMENT_TARGET = 11.1;
				MTL_ENABLE_DEBUG_INFO = NO;
				SDKROOT = iphoneos;
				SWIFT_OPTIMIZATION_LEVEL = "-Owholemodule";
				VALIDATE_PRODUCT = YES;
			};
			name = Release;
		};
		BF394F2020851661003D4887 /* Debug */ = {
			isa = XCBuildConfiguration;
			baseConfigurationReference = 682A656867082FB44CAFC838 /* Pods-FitnessLife.debug.xcconfig */;
			buildSettings = {
				ALWAYS_EMBED_SWIFT_STANDARD_LIBRARIES = YES;
				ASSETCATALOG_COMPILER_APPICON_NAME = AppIcon;
				CODE_SIGN_STYLE = Automatic;
				DEVELOPMENT_TEAM = JKMV38K6CV;
				INFOPLIST_FILE = FitnessLife/Info.plist;
				LD_RUNPATH_SEARCH_PATHS = "$(inherited) @executable_path/Frameworks";
				PRODUCT_BUNDLE_IDENTIFIER = com.lena.FitnessLife;
				PRODUCT_NAME = "$(TARGET_NAME)";
				SWIFT_VERSION = 4.0;
				TARGETED_DEVICE_FAMILY = "1,2";
			};
			name = Debug;
		};
		BF394F2120851661003D4887 /* Release */ = {
			isa = XCBuildConfiguration;
			baseConfigurationReference = 9BDD6244C3DC7D8D3B4D262B /* Pods-FitnessLife.release.xcconfig */;
			buildSettings = {
				ALWAYS_EMBED_SWIFT_STANDARD_LIBRARIES = YES;
				ASSETCATALOG_COMPILER_APPICON_NAME = AppIcon;
				CODE_SIGN_STYLE = Automatic;
				DEVELOPMENT_TEAM = JKMV38K6CV;
				INFOPLIST_FILE = FitnessLife/Info.plist;
				LD_RUNPATH_SEARCH_PATHS = "$(inherited) @executable_path/Frameworks";
				PRODUCT_BUNDLE_IDENTIFIER = com.lena.FitnessLife;
				PRODUCT_NAME = "$(TARGET_NAME)";
				SWIFT_VERSION = 4.0;
				TARGETED_DEVICE_FAMILY = "1,2";
			};
			name = Release;
		};
/* End XCBuildConfiguration section */

/* Begin XCConfigurationList section */
		BF394F0820851661003D4887 /* Build configuration list for PBXProject "FitnessLife" */ = {
			isa = XCConfigurationList;
			buildConfigurations = (
				BF394F1D20851661003D4887 /* Debug */,
				BF394F1E20851661003D4887 /* Release */,
			);
			defaultConfigurationIsVisible = 0;
			defaultConfigurationName = Release;
		};
		BF394F1F20851661003D4887 /* Build configuration list for PBXNativeTarget "FitnessLife" */ = {
			isa = XCConfigurationList;
			buildConfigurations = (
				BF394F2020851661003D4887 /* Debug */,
				BF394F2120851661003D4887 /* Release */,
			);
			defaultConfigurationIsVisible = 0;
			defaultConfigurationName = Release;
		};
/* End XCConfigurationList section */
	};
	rootObject = BF394F0520851661003D4887 /* Project object */;
}
